
Microsoft Visual Studio Solution File, Format Version 12.00
Project("{FAE04EC0-301F-11D3-BF4B-00C04F79EFBC}") = "StrapiAPI", "StrapiAPI\StrapiAPI.csproj", "{C711271D-5456-4075-AE1F-AE0F91244CE0}"
EndProject
Project("{FAE04EC0-301F-11D3-BF4B-00C04F79EFBC}") = "StrapiAPITests", "StrapiAPITests\StrapiAPITests.csproj", "{C931EB01-2BFA-44B8-A967-8A70243FE3E6}"
EndProject
Global
	GlobalSection(SolutionConfigurationPlatforms) = preSolution
		Debug|Any CPU = Debug|Any CPU
		Release|Any CPU = Release|Any CPU
	EndGlobalSection
	GlobalSection(ProjectConfigurationPlatforms) = postSolution
		{C711271D-5456-4075-AE1F-AE0F91244CE0}.Debug|Any CPU.ActiveCfg = Debug|Any CPU
		{C711271D-5456-4075-AE1F-AE0F91244CE0}.Debug|Any CPU.Build.0 = Debug|Any CPU
		{C711271D-5456-4075-AE1F-AE0F91244CE0}.Release|Any CPU.ActiveCfg = Release|Any CPU
		{C711271D-5456-4075-AE1F-AE0F91244CE0}.Release|Any CPU.Build.0 = Release|Any CPU
		{C931EB01-2BFA-44B8-A967-8A70243FE3E6}.Debug|Any CPU.ActiveCfg = Debug|Any CPU
		{C931EB01-2BFA-44B8-A967-8A70243FE3E6}.Debug|Any CPU.Build.0 = Debug|Any CPU
		{C931EB01-2BFA-44B8-A967-8A70243FE3E6}.Release|Any CPU.ActiveCfg = Release|Any CPU
		{C931EB01-2BFA-44B8-A967-8A70243FE3E6}.Release|Any CPU.Build.0 = Release|Any CPU
	EndGlobalSection
EndGlobal
